
Microsoft Visual Studio Solution File, Format Version 12.00
# Visual Studio Version 16
VisualStudioVersion = 16.0.30523.141
MinimumVisualStudioVersion = 10.0.40219.1
Project("{9A19103F-16F7-4668-BE54-9A1E7A4F7556}") = "congestion-tax-calculator-net-core", "congestion-tax-calculator-net-core.csproj", "{DCB0CBA9-4490-49E7-BE0A-2DC393C285A3}"
EndProject
Project("{FAE04EC0-301F-11D3-BF4B-00C04F79EFBC}") = "congestion-tax-calculator-net-core-WebSite", "..\congestion-tax-calculator-net-core-WebSite\congestion-tax-calculator-net-core-WebSite.csproj", "{F1AAA033-E032-4713-BBF2-F8179CBDC4D9}"
EndProject
Global
	GlobalSection(SolutionConfigurationPlatforms) = preSolution
		Debug|Any CPU = Debug|Any CPU
		Release|Any CPU = Release|Any CPU
	EndGlobalSection
	GlobalSection(ProjectConfigurationPlatforms) = postSolution
		{DCB0CBA9-4490-49E7-BE0A-2DC393C285A3}.Debug|Any CPU.ActiveCfg = Debug|Any CPU
		{DCB0CBA9-4490-49E7-BE0A-2DC393C285A3}.Debug|Any CPU.Build.0 = Debug|Any CPU
		{DCB0CBA9-4490-49E7-BE0A-2DC393C285A3}.Release|Any CPU.ActiveCfg = Release|Any CPU
		{DCB0CBA9-4490-49E7-BE0A-2DC393C285A3}.Release|Any CPU.Build.0 = Release|Any CPU
		{F1AAA033-E032-4713-BBF2-F8179CBDC4D9}.Debug|Any CPU.ActiveCfg = Debug|Any CPU
		{F1AAA033-E032-4713-BBF2-F8179CBDC4D9}.Debug|Any CPU.Build.0 = Debug|Any CPU
		{F1AAA033-E032-4713-BBF2-F8179CBDC4D9}.Release|Any CPU.ActiveCfg = Release|Any CPU
		{F1AAA033-E032-4713-BBF2-F8179CBDC4D9}.Release|Any CPU.Build.0 = Release|Any CPU
	EndGlobalSection
	GlobalSection(SolutionProperties) = preSolution
		HideSolutionNode = FALSE
	EndGlobalSection
	GlobalSection(ExtensibilityGlobals) = postSolution
		SolutionGuid = {222D99AC-05B1-413F-AA65-AD4B9EA86466}
	EndGlobalSection
EndGlobal
